
Microsoft Visual Studio Solution File, Format Version 12.00
# Visual Studio Version 17
VisualStudioVersion = 17.5.33516.290
MinimumVisualStudioVersion = 10.0.40219.1
Project("{FAE04EC0-301F-11D3-BF4B-00C04F79EFBC}") = "IDistributedCacheRedisApp.Web", "IDistributedCacheRedisApp.Web\IDistributedCacheRedisApp.Web.csproj", "{BB1F0624-9569-4F36-A6F7-9211351FED3B}"
EndProject
Global
	GlobalSection(SolutionConfigurationPlatforms) = preSolution
		Debug|Any CPU = Debug|Any CPU
		Release|Any CPU = Release|Any CPU
	EndGlobalSection
	GlobalSection(ProjectConfigurationPlatforms) = postSolution
		{BB1F0624-9569-4F36-A6F7-9211351FED3B}.Debug|Any CPU.ActiveCfg = Debug|Any CPU
		{BB1F0624-9569-4F36-A6F7-9211351FED3B}.Debug|Any CPU.Build.0 = Debug|Any CPU
		{BB1F0624-9569-4F36-A6F7-9211351FED3B}.Release|Any CPU.ActiveCfg = Release|Any CPU
		{BB1F0624-9569-4F36-A6F7-9211351FED3B}.Release|Any CPU.Build.0 = Release|Any CPU
	EndGlobalSection
	GlobalSection(SolutionProperties) = preSolution
		HideSolutionNode = FALSE
	EndGlobalSection
	GlobalSection(ExtensibilityGlobals) = postSolution
		SolutionGuid = {DAD4081F-9060-4FBE-A1D7-482B82E55B04}
	EndGlobalSection
EndGlobal
